
Microsoft Visual Studio Solution File, Format Version 12.00
# Visual Studio 14
VisualStudioVersion = 14.0.25123.0
MinimumVisualStudioVersion = 10.0.40219.1
Project("{FAE04EC0-301F-11D3-BF4B-00C04F79EFBC}") = "ResourceManagement", "ResourceManagment\ResourceManagement.csproj", "{363C8CB5-756D-481F-A531-67AE50E4E2F2}"
EndProject
Project("{FAE04EC0-301F-11D3-BF4B-00C04F79EFBC}") = "DatabaseApi", "DatabaseApi\DatabaseApi.csproj", "{609BB636-6474-465B-8E59-D936A18CBA77}"
EndProject
Project("{FAE04EC0-301F-11D3-BF4B-00C04F79EFBC}") = "DataApi", "DataApi\DataApi.csproj", "{52AB6249-2684-46D6-8700-5EA7B461BE54}"
EndProject
Global
	GlobalSection(SolutionConfigurationPlatforms) = preSolution
		Debug|Any CPU = Debug|Any CPU
		Debug|x64 = Debug|x64
		Release|Any CPU = Release|Any CPU
		Release|x64 = Release|x64
	EndGlobalSection
	GlobalSection(ProjectConfigurationPlatforms) = postSolution
		{363C8CB5-756D-481F-A531-67AE50E4E2F2}.Debug|Any CPU.ActiveCfg = Debug|Any CPU
		{363C8CB5-756D-481F-A531-67AE50E4E2F2}.Debug|Any CPU.Build.0 = Debug|Any CPU
		{363C8CB5-756D-481F-A531-67AE50E4E2F2}.Debug|x64.ActiveCfg = Debug|x64
		{363C8CB5-756D-481F-A531-67AE50E4E2F2}.Debug|x64.Build.0 = Debug|x64
		{363C8CB5-756D-481F-A531-67AE50E4E2F2}.Release|Any CPU.ActiveCfg = Release|Any CPU
		{363C8CB5-756D-481F-A531-67AE50E4E2F2}.Release|Any CPU.Build.0 = Release|Any CPU
		{363C8CB5-756D-481F-A531-67AE50E4E2F2}.Release|x64.ActiveCfg = Release|x64
		{363C8CB5-756D-481F-A531-67AE50E4E2F2}.Release|x64.Build.0 = Release|x64
		{609BB636-6474-465B-8E59-D936A18CBA77}.Debug|Any CPU.ActiveCfg = Debug|Any CPU
		{609BB636-6474-465B-8E59-D936A18CBA77}.Debug|Any CPU.Build.0 = Debug|Any CPU
		{609BB636-6474-465B-8E59-D936A18CBA77}.Debug|x64.ActiveCfg = Debug|Any CPU
		{609BB636-6474-465B-8E59-D936A18CBA77}.Debug|x64.Build.0 = Debug|Any CPU
		{609BB636-6474-465B-8E59-D936A18CBA77}.Release|Any CPU.ActiveCfg = Release|Any CPU
		{609BB636-6474-465B-8E59-D936A18CBA77}.Release|Any CPU.Build.0 = Release|Any CPU
		{609BB636-6474-465B-8E59-D936A18CBA77}.Release|x64.ActiveCfg = Release|Any CPU
		{609BB636-6474-465B-8E59-D936A18CBA77}.Release|x64.Build.0 = Release|Any CPU
		{52AB6249-2684-46D6-8700-5EA7B461BE54}.Debug|Any CPU.ActiveCfg = Debug|Any CPU
		{52AB6249-2684-46D6-8700-5EA7B461BE54}.Debug|Any CPU.Build.0 = Debug|Any CPU
		{52AB6249-2684-46D6-8700-5EA7B461BE54}.Debug|x64.ActiveCfg = Debug|Any CPU
		{52AB6249-2684-46D6-8700-5EA7B461BE54}.Debug|x64.Build.0 = Debug|Any CPU
		{52AB6249-2684-46D6-8700-5EA7B461BE54}.Release|Any CPU.ActiveCfg = Release|Any CPU
		{52AB6249-2684-46D6-8700-5EA7B461BE54}.Release|Any CPU.Build.0 = Release|Any CPU
		{52AB6249-2684-46D6-8700-5EA7B461BE54}.Release|x64.ActiveCfg = Release|Any CPU
		{52AB6249-2684-46D6-8700-5EA7B461BE54}.Release|x64.Build.0 = Release|Any CPU
	EndGlobalSection
	GlobalSection(SolutionProperties) = preSolution
		HideSolutionNode = FALSE
	EndGlobalSection
EndGlobal
